// !$*UTF8*$!
{
	archiveVersion = 1;
	classes = {
	};
	objectVersion = 46;
	objects = {

/* Begin PBXBuildFile section */
		252F7D221F2A45B8003B45FC /* SampleModalCoordinator.swift in Sources */ = {isa = PBXBuildFile; fileRef = 252F7D211F2A45B8003B45FC /* SampleModalCoordinator.swift */; };
		255DD3311F29D950003C7003 /* CoordinatorTests.swift in Sources */ = {isa = PBXBuildFile; fileRef = 255DD3301F29D950003C7003 /* CoordinatorTests.swift */; };
		255DD3431F29D96F003C7003 /* AppDelegate.swift in Sources */ = {isa = PBXBuildFile; fileRef = 255DD3421F29D96F003C7003 /* AppDelegate.swift */; };
		255DD34A1F29D96F003C7003 /* Assets.xcassets in Resources */ = {isa = PBXBuildFile; fileRef = 255DD3491F29D96F003C7003 /* Assets.xcassets */; };
		255DD34D1F29D96F003C7003 /* LaunchScreen.storyboard in Resources */ = {isa = PBXBuildFile; fileRef = 255DD34B1F29D96F003C7003 /* LaunchScreen.storyboard */; };
		255DD3591F29E3D6003C7003 /* AppCoordinator.swift in Sources */ = {isa = PBXBuildFile; fileRef = 255DD3581F29E3D6003C7003 /* AppCoordinator.swift */; };
		255DD3671F29EF1B003C7003 /* ContextTests.swift in Sources */ = {isa = PBXBuildFile; fileRef = 255DD3661F29EF1B003C7003 /* ContextTests.swift */; };
		255DD3731F2A3615003C7003 /* SampleNavigationCoordinator.swift in Sources */ = {isa = PBXBuildFile; fileRef = 255DD3721F2A3615003C7003 /* SampleNavigationCoordinator.swift */; };
		255DD3751F2A3626003C7003 /* SampleViewController.swift in Sources */ = {isa = PBXBuildFile; fileRef = 255DD3741F2A3626003C7003 /* SampleViewController.swift */; };
		255DD3771F2A364B003C7003 /* SampleViewController.storyboard in Resources */ = {isa = PBXBuildFile; fileRef = 255DD3761F2A364B003C7003 /* SampleViewController.storyboard */; };
		25DA06A31F4B31E30019D87C /* CoordinatorTypes.swift in Sources */ = {isa = PBXBuildFile; fileRef = 252F7D231F2F35C0003B45FC /* CoordinatorTypes.swift */; };
		25DA06A41F4B31E30019D87C /* ModalCoordinator.swift in Sources */ = {isa = PBXBuildFile; fileRef = 255DD37A1F2A39A6003C7003 /* ModalCoordinator.swift */; };
		25DA06A51F4B31E30019D87C /* Coordinator.swift in Sources */ = {isa = PBXBuildFile; fileRef = 255DD3521F29DD5B003C7003 /* Coordinator.swift */; };
		25DA06A61F4B31E30019D87C /* Context.swift in Sources */ = {isa = PBXBuildFile; fileRef = 255DD3541F29E2AD003C7003 /* Context.swift */; };
		25DA06A71F4B31E30019D87C /* UINavigationController+Extension.swift in Sources */ = {isa = PBXBuildFile; fileRef = 25F4F7A61F307F89007B7534 /* UINavigationController+Extension.swift */; };
		25DA06A81F4B31E30019D87C /* NavigationCoordinator.swift in Sources */ = {isa = PBXBuildFile; fileRef = 255DD3781F2A399A003C7003 /* NavigationCoordinator.swift */; };
		25DA06A91F4B31E30019D87C /* TabBarCoordinator.swift in Sources */ = {isa = PBXBuildFile; fileRef = 255DD3701F2A3287003C7003 /* TabBarCoordinator.swift */; };
		25DA06AD1F4B31E30019D87C /* Coordinator.h in Headers */ = {isa = PBXBuildFile; fileRef = 255DD3251F29D950003C7003 /* Coordinator.h */; settings = {ATTRIBUTES = (Public, ); }; };
		25E9D4A51F79550700BE3675 /* NeoCoordinator.framework in Frameworks */ = {isa = PBXBuildFile; fileRef = 25DA06B31F4B31E30019D87C /* NeoCoordinator.framework */; };
		25F4F78F1F307AE1007B7534 /* RxCoordinator.framework in Frameworks */ = {isa = PBXBuildFile; fileRef = 25F4F7861F307AE1007B7534 /* RxCoordinator.framework */; };
		25F4F7961F307AE1007B7534 /* RxCoordinatorTests.swift in Sources */ = {isa = PBXBuildFile; fileRef = 25F4F7951F307AE1007B7534 /* RxCoordinatorTests.swift */; };
		25F4F7981F307AE1007B7534 /* RxCoordinator.h in Headers */ = {isa = PBXBuildFile; fileRef = 25F4F7881F307AE1007B7534 /* RxCoordinator.h */; settings = {ATTRIBUTES = (Public, ); }; };
		25F4F79B1F307AE1007B7534 /* RxCoordinator.framework in Frameworks */ = {isa = PBXBuildFile; fileRef = 25F4F7861F307AE1007B7534 /* RxCoordinator.framework */; };
		25F4F79C1F307AE1007B7534 /* RxCoordinator.framework in Embed Frameworks */ = {isa = PBXBuildFile; fileRef = 25F4F7861F307AE1007B7534 /* RxCoordinator.framework */; settings = {ATTRIBUTES = (CodeSignOnCopy, RemoveHeadersOnCopy, ); }; };
		25F4F7A41F307DAD007B7534 /* RxCoordinator.swift in Sources */ = {isa = PBXBuildFile; fileRef = 25F4F7A31F307DAD007B7534 /* RxCoordinator.swift */; };
		50B2606DDC855749EF4E53FF /* Pods_RxCoordinatorTests.framework in Frameworks */ = {isa = PBXBuildFile; fileRef = E82763CA8B13EAD22294606B /* Pods_RxCoordinatorTests.framework */; };
		7484B97664915FBBC058FB27 /* Pods_RxCoordinator.framework in Frameworks */ = {isa = PBXBuildFile; fileRef = 4E961CA22A763AD04BAF5166 /* Pods_RxCoordinator.framework */; };
		996180E5804577DD8C4B02B0 /* Pods_CoordinatorTests.framework in Frameworks */ = {isa = PBXBuildFile; fileRef = A73BDF580C9C48730106E3CB /* Pods_CoordinatorTests.framework */; };
		B1DAAA3E20C1525C00DF4D26 /* NeoCoordinator.framework in Frameworks */ = {isa = PBXBuildFile; fileRef = 25DA06B31F4B31E30019D87C /* NeoCoordinator.framework */; };
		B1DAAA3F20C1526200DF4D26 /* NeoCoordinator.framework in Frameworks */ = {isa = PBXBuildFile; fileRef = 25DA06B31F4B31E30019D87C /* NeoCoordinator.framework */; };
		BA5FB45E9BC1FABF39EA2A80 /* Pods_NeoCoordinator.framework in Frameworks */ = {isa = PBXBuildFile; fileRef = FCAB67D06B792A0FD488FF65 /* Pods_NeoCoordinator.framework */; };
		ECA749E3546906C30205596C /* Pods_Demo.framework in Frameworks */ = {isa = PBXBuildFile; fileRef = 9107A0DA7C1C08E5789B88F2 /* Pods_Demo.framework */; };
/* End PBXBuildFile section */

/* Begin PBXContainerItemProxy section */
		25F4F7901F307AE1007B7534 /* PBXContainerItemProxy */ = {
			isa = PBXContainerItemProxy;
			containerPortal = 255DD3191F29D950003C7003 /* Project object */;
			proxyType = 1;
			remoteGlobalIDString = 25F4F7851F307AE1007B7534;
			remoteInfo = RxCoordinator;
		};
		25F4F7921F307AE1007B7534 /* PBXContainerItemProxy */ = {
			isa = PBXContainerItemProxy;
			containerPortal = 255DD3191F29D950003C7003 /* Project object */;
			proxyType = 1;
			remoteGlobalIDString = 255DD33F1F29D96F003C7003;
			remoteInfo = Demo;
		};
		25F4F7991F307AE1007B7534 /* PBXContainerItemProxy */ = {
			isa = PBXContainerItemProxy;
			containerPortal = 255DD3191F29D950003C7003 /* Project object */;
			proxyType = 1;
			remoteGlobalIDString = 25F4F7851F307AE1007B7534;
			remoteInfo = RxCoordinator;
		};
/* End PBXContainerItemProxy section */

/* Begin PBXCopyFilesBuildPhase section */
		255DD3651F29E54C003C7003 /* Embed Frameworks */ = {
			isa = PBXCopyFilesBuildPhase;
			buildActionMask = 2147483647;
			dstPath = "";
			dstSubfolderSpec = 10;
			files = (
				25F4F79C1F307AE1007B7534 /* RxCoordinator.framework in Embed Frameworks */,
			);
			name = "Embed Frameworks";
			runOnlyForDeploymentPostprocessing = 0;
		};
/* End PBXCopyFilesBuildPhase section */

/* Begin PBXFileReference section */
		252F7D211F2A45B8003B45FC /* SampleModalCoordinator.swift */ = {isa = PBXFileReference; fileEncoding = 4; lastKnownFileType = sourcecode.swift; path = SampleModalCoordinator.swift; sourceTree = "<group>"; };
		252F7D231F2F35C0003B45FC /* CoordinatorTypes.swift */ = {isa = PBXFileReference; fileEncoding = 4; lastKnownFileType = sourcecode.swift; path = CoordinatorTypes.swift; sourceTree = "<group>"; };
		255DD3251F29D950003C7003 /* Coordinator.h */ = {isa = PBXFileReference; lastKnownFileType = sourcecode.c.h; path = Coordinator.h; sourceTree = "<group>"; };
		255DD3261F29D950003C7003 /* Info.plist */ = {isa = PBXFileReference; lastKnownFileType = text.plist.xml; path = Info.plist; sourceTree = "<group>"; };
		255DD32B1F29D950003C7003 /* CoordinatorTests.xctest */ = {isa = PBXFileReference; explicitFileType = wrapper.cfbundle; includeInIndex = 0; path = CoordinatorTests.xctest; sourceTree = BUILT_PRODUCTS_DIR; };
		255DD3301F29D950003C7003 /* CoordinatorTests.swift */ = {isa = PBXFileReference; lastKnownFileType = sourcecode.swift; path = CoordinatorTests.swift; sourceTree = "<group>"; };
		255DD3321F29D950003C7003 /* Info.plist */ = {isa = PBXFileReference; lastKnownFileType = text.plist.xml; path = Info.plist; sourceTree = "<group>"; };
		255DD3401F29D96F003C7003 /* Demo.app */ = {isa = PBXFileReference; explicitFileType = wrapper.application; includeInIndex = 0; path = Demo.app; sourceTree = BUILT_PRODUCTS_DIR; };
		255DD3421F29D96F003C7003 /* AppDelegate.swift */ = {isa = PBXFileReference; lastKnownFileType = sourcecode.swift; path = AppDelegate.swift; sourceTree = "<group>"; };
		255DD3491F29D96F003C7003 /* Assets.xcassets */ = {isa = PBXFileReference; lastKnownFileType = folder.assetcatalog; path = Assets.xcassets; sourceTree = "<group>"; };
		255DD34C1F29D96F003C7003 /* Base */ = {isa = PBXFileReference; lastKnownFileType = file.storyboard; name = Base; path = Base.lproj/LaunchScreen.storyboard; sourceTree = "<group>"; };
		255DD34E1F29D96F003C7003 /* Info.plist */ = {isa = PBXFileReference; lastKnownFileType = text.plist.xml; path = Info.plist; sourceTree = "<group>"; };
		255DD3521F29DD5B003C7003 /* Coordinator.swift */ = {isa = PBXFileReference; fileEncoding = 4; lastKnownFileType = sourcecode.swift; path = Coordinator.swift; sourceTree = "<group>"; };
		255DD3541F29E2AD003C7003 /* Context.swift */ = {isa = PBXFileReference; fileEncoding = 4; lastKnownFileType = sourcecode.swift; path = Context.swift; sourceTree = "<group>"; };
		255DD3581F29E3D6003C7003 /* AppCoordinator.swift */ = {isa = PBXFileReference; fileEncoding = 4; lastKnownFileType = sourcecode.swift; path = AppCoordinator.swift; sourceTree = "<group>"; };
		255DD3661F29EF1B003C7003 /* ContextTests.swift */ = {isa = PBXFileReference; fileEncoding = 4; lastKnownFileType = sourcecode.swift; path = ContextTests.swift; sourceTree = "<group>"; };
		255DD3701F2A3287003C7003 /* TabBarCoordinator.swift */ = {isa = PBXFileReference; fileEncoding = 4; lastKnownFileType = sourcecode.swift; path = TabBarCoordinator.swift; sourceTree = "<group>"; };
		255DD3721F2A3615003C7003 /* SampleNavigationCoordinator.swift */ = {isa = PBXFileReference; fileEncoding = 4; lastKnownFileType = sourcecode.swift; path = SampleNavigationCoordinator.swift; sourceTree = "<group>"; };
		255DD3741F2A3626003C7003 /* SampleViewController.swift */ = {isa = PBXFileReference; fileEncoding = 4; lastKnownFileType = sourcecode.swift; path = SampleViewController.swift; sourceTree = "<group>"; };
		255DD3761F2A364B003C7003 /* SampleViewController.storyboard */ = {isa = PBXFileReference; fileEncoding = 4; lastKnownFileType = file.storyboard; path = SampleViewController.storyboard; sourceTree = "<group>"; };
		255DD3781F2A399A003C7003 /* NavigationCoordinator.swift */ = {isa = PBXFileReference; fileEncoding = 4; lastKnownFileType = sourcecode.swift; path = NavigationCoordinator.swift; sourceTree = "<group>"; };
		255DD37A1F2A39A6003C7003 /* ModalCoordinator.swift */ = {isa = PBXFileReference; fileEncoding = 4; lastKnownFileType = sourcecode.swift; path = ModalCoordinator.swift; sourceTree = "<group>"; };
		25DA06B31F4B31E30019D87C /* NeoCoordinator.framework */ = {isa = PBXFileReference; explicitFileType = wrapper.framework; includeInIndex = 0; path = NeoCoordinator.framework; sourceTree = BUILT_PRODUCTS_DIR; };
		25F4F7861F307AE1007B7534 /* RxCoordinator.framework */ = {isa = PBXFileReference; explicitFileType = wrapper.framework; includeInIndex = 0; path = RxCoordinator.framework; sourceTree = BUILT_PRODUCTS_DIR; };
		25F4F7881F307AE1007B7534 /* RxCoordinator.h */ = {isa = PBXFileReference; lastKnownFileType = sourcecode.c.h; path = RxCoordinator.h; sourceTree = "<group>"; };
		25F4F7891F307AE1007B7534 /* Info.plist */ = {isa = PBXFileReference; lastKnownFileType = text.plist.xml; path = Info.plist; sourceTree = "<group>"; };
		25F4F78E1F307AE1007B7534 /* RxCoordinatorTests.xctest */ = {isa = PBXFileReference; explicitFileType = wrapper.cfbundle; includeInIndex = 0; path = RxCoordinatorTests.xctest; sourceTree = BUILT_PRODUCTS_DIR; };
		25F4F7951F307AE1007B7534 /* RxCoordinatorTests.swift */ = {isa = PBXFileReference; lastKnownFileType = sourcecode.swift; path = RxCoordinatorTests.swift; sourceTree = "<group>"; };
		25F4F7971F307AE1007B7534 /* Info.plist */ = {isa = PBXFileReference; lastKnownFileType = text.plist.xml; path = Info.plist; sourceTree = "<group>"; };
		25F4F7A31F307DAD007B7534 /* RxCoordinator.swift */ = {isa = PBXFileReference; fileEncoding = 4; lastKnownFileType = sourcecode.swift; path = RxCoordinator.swift; sourceTree = "<group>"; };
		25F4F7A61F307F89007B7534 /* UINavigationController+Extension.swift */ = {isa = PBXFileReference; fileEncoding = 4; lastKnownFileType = sourcecode.swift; path = "UINavigationController+Extension.swift"; sourceTree = "<group>"; };
		25F4F7BE1F31D13A007B7534 /* AppCoordinator_iPad.swift */ = {isa = PBXFileReference; fileEncoding = 4; lastKnownFileType = sourcecode.swift; path = AppCoordinator_iPad.swift; sourceTree = "<group>"; };
		25F4F7C01F31D2F4007B7534 /* SplitCoordinator.swift */ = {isa = PBXFileReference; fileEncoding = 4; lastKnownFileType = sourcecode.swift; path = SplitCoordinator.swift; sourceTree = "<group>"; };
		4E961CA22A763AD04BAF5166 /* Pods_RxCoordinator.framework */ = {isa = PBXFileReference; explicitFileType = wrapper.framework; includeInIndex = 0; path = Pods_RxCoordinator.framework; sourceTree = BUILT_PRODUCTS_DIR; };
		56FADEBD48F5E9A4257F8B9B /* Pods-NeoCoordinator.release.xcconfig */ = {isa = PBXFileReference; includeInIndex = 1; lastKnownFileType = text.xcconfig; name = "Pods-NeoCoordinator.release.xcconfig"; path = "Pods/Target Support Files/Pods-NeoCoordinator/Pods-NeoCoordinator.release.xcconfig"; sourceTree = "<group>"; };
		5AFFCAFE082458454DCE32DC /* Pods_Coordinator.framework */ = {isa = PBXFileReference; explicitFileType = wrapper.framework; includeInIndex = 0; path = Pods_Coordinator.framework; sourceTree = BUILT_PRODUCTS_DIR; };
		5B2EAC9B49F42255C20DDF98 /* Pods-Coordinator.release.xcconfig */ = {isa = PBXFileReference; includeInIndex = 1; lastKnownFileType = text.xcconfig; name = "Pods-Coordinator.release.xcconfig"; path = "Pods/Target Support Files/Pods-Coordinator/Pods-Coordinator.release.xcconfig"; sourceTree = "<group>"; };
		60016F1FBA9A9E2DBFBFF3EB /* Pods-RxCoordinator.release.xcconfig */ = {isa = PBXFileReference; includeInIndex = 1; lastKnownFileType = text.xcconfig; name = "Pods-RxCoordinator.release.xcconfig"; path = "Pods/Target Support Files/Pods-RxCoordinator/Pods-RxCoordinator.release.xcconfig"; sourceTree = "<group>"; };
		67174225047BAA65071D137D /* Pods-RxCoordinatorTests.release.xcconfig */ = {isa = PBXFileReference; includeInIndex = 1; lastKnownFileType = text.xcconfig; name = "Pods-RxCoordinatorTests.release.xcconfig"; path = "Pods/Target Support Files/Pods-RxCoordinatorTests/Pods-RxCoordinatorTests.release.xcconfig"; sourceTree = "<group>"; };
		71456168B1E9E2F8E186DBA3 /* Pods-RxCoordinatorTests.debug.xcconfig */ = {isa = PBXFileReference; includeInIndex = 1; lastKnownFileType = text.xcconfig; name = "Pods-RxCoordinatorTests.debug.xcconfig"; path = "Pods/Target Support Files/Pods-RxCoordinatorTests/Pods-RxCoordinatorTests.debug.xcconfig"; sourceTree = "<group>"; };
		73A90B602C0A72491ABF3AC9 /* Pods-Demo.release.xcconfig */ = {isa = PBXFileReference; includeInIndex = 1; lastKnownFileType = text.xcconfig; name = "Pods-Demo.release.xcconfig"; path = "Pods/Target Support Files/Pods-Demo/Pods-Demo.release.xcconfig"; sourceTree = "<group>"; };
		7DED20EB25AE178C05E7ED82 /* Pods-Coordinator.debug.xcconfig */ = {isa = PBXFileReference; includeInIndex = 1; lastKnownFileType = text.xcconfig; name = "Pods-Coordinator.debug.xcconfig"; path = "Pods/Target Support Files/Pods-Coordinator/Pods-Coordinator.debug.xcconfig"; sourceTree = "<group>"; };
		8025F467006225B0C2C39068 /* Pods-NeoCoordinator.debug.xcconfig */ = {isa = PBXFileReference; includeInIndex = 1; lastKnownFileType = text.xcconfig; name = "Pods-NeoCoordinator.debug.xcconfig"; path = "Pods/Target Support Files/Pods-NeoCoordinator/Pods-NeoCoordinator.debug.xcconfig"; sourceTree = "<group>"; };
		820C3255BCCD57ED76F3156F /* Pods-CoordinatorTests.debug.xcconfig */ = {isa = PBXFileReference; includeInIndex = 1; lastKnownFileType = text.xcconfig; name = "Pods-CoordinatorTests.debug.xcconfig"; path = "Pods/Target Support Files/Pods-CoordinatorTests/Pods-CoordinatorTests.debug.xcconfig"; sourceTree = "<group>"; };
		85DF0416788F844205FAEC82 /* Pods-CoordinatorTests.release.xcconfig */ = {isa = PBXFileReference; includeInIndex = 1; lastKnownFileType = text.xcconfig; name = "Pods-CoordinatorTests.release.xcconfig"; path = "Pods/Target Support Files/Pods-CoordinatorTests/Pods-CoordinatorTests.release.xcconfig"; sourceTree = "<group>"; };
		9107A0DA7C1C08E5789B88F2 /* Pods_Demo.framework */ = {isa = PBXFileReference; explicitFileType = wrapper.framework; includeInIndex = 0; path = Pods_Demo.framework; sourceTree = BUILT_PRODUCTS_DIR; };
		A73BDF580C9C48730106E3CB /* Pods_CoordinatorTests.framework */ = {isa = PBXFileReference; explicitFileType = wrapper.framework; includeInIndex = 0; path = Pods_CoordinatorTests.framework; sourceTree = BUILT_PRODUCTS_DIR; };
		AE680075E5A83106E4475506 /* Pods-RxCoordinator.debug.xcconfig */ = {isa = PBXFileReference; includeInIndex = 1; lastKnownFileType = text.xcconfig; name = "Pods-RxCoordinator.debug.xcconfig"; path = "Pods/Target Support Files/Pods-RxCoordinator/Pods-RxCoordinator.debug.xcconfig"; sourceTree = "<group>"; };
		E077286047CCE9E111746410 /* Pods-Demo.debug.xcconfig */ = {isa = PBXFileReference; includeInIndex = 1; lastKnownFileType = text.xcconfig; name = "Pods-Demo.debug.xcconfig"; path = "Pods/Target Support Files/Pods-Demo/Pods-Demo.debug.xcconfig"; sourceTree = "<group>"; };
		E82763CA8B13EAD22294606B /* Pods_RxCoordinatorTests.framework */ = {isa = PBXFileReference; explicitFileType = wrapper.framework; includeInIndex = 0; path = Pods_RxCoordinatorTests.framework; sourceTree = BUILT_PRODUCTS_DIR; };
		FCAB67D06B792A0FD488FF65 /* Pods_NeoCoordinator.framework */ = {isa = PBXFileReference; explicitFileType = wrapper.framework; includeInIndex = 0; path = Pods_NeoCoordinator.framework; sourceTree = BUILT_PRODUCTS_DIR; };
/* End PBXFileReference section */

/* Begin PBXFrameworksBuildPhase section */
		255DD3281F29D950003C7003 /* Frameworks */ = {
			isa = PBXFrameworksBuildPhase;
			buildActionMask = 2147483647;
			files = (
				B1DAAA3E20C1525C00DF4D26 /* NeoCoordinator.framework in Frameworks */,
				996180E5804577DD8C4B02B0 /* Pods_CoordinatorTests.framework in Frameworks */,
			);
			runOnlyForDeploymentPostprocessing = 0;
		};
		255DD33D1F29D96F003C7003 /* Frameworks */ = {
			isa = PBXFrameworksBuildPhase;
			buildActionMask = 2147483647;
			files = (
				ECA749E3546906C30205596C /* Pods_Demo.framework in Frameworks */,
				25F4F79B1F307AE1007B7534 /* RxCoordinator.framework in Frameworks */,
			);
			runOnlyForDeploymentPostprocessing = 0;
		};
		25DA06AA1F4B31E30019D87C /* Frameworks */ = {
			isa = PBXFrameworksBuildPhase;
			buildActionMask = 2147483647;
			files = (
				BA5FB45E9BC1FABF39EA2A80 /* Pods_NeoCoordinator.framework in Frameworks */,
			);
			runOnlyForDeploymentPostprocessing = 0;
		};
		25F4F7821F307AE1007B7534 /* Frameworks */ = {
			isa = PBXFrameworksBuildPhase;
			buildActionMask = 2147483647;
			files = (
				25E9D4A51F79550700BE3675 /* NeoCoordinator.framework in Frameworks */,
				7484B97664915FBBC058FB27 /* Pods_RxCoordinator.framework in Frameworks */,
			);
			runOnlyForDeploymentPostprocessing = 0;
		};
		25F4F78B1F307AE1007B7534 /* Frameworks */ = {
			isa = PBXFrameworksBuildPhase;
			buildActionMask = 2147483647;
			files = (
				B1DAAA3F20C1526200DF4D26 /* NeoCoordinator.framework in Frameworks */,
				25F4F78F1F307AE1007B7534 /* RxCoordinator.framework in Frameworks */,
				50B2606DDC855749EF4E53FF /* Pods_RxCoordinatorTests.framework in Frameworks */,
			);
			runOnlyForDeploymentPostprocessing = 0;
		};
/* End PBXFrameworksBuildPhase section */

/* Begin PBXGroup section */
		255DD3181F29D950003C7003 = {
			isa = PBXGroup;
			children = (
				255DD3241F29D950003C7003 /* Coordinator */,
				25F4F7871F307AE1007B7534 /* RxCoordinator */,
				255DD3411F29D96F003C7003 /* Demo */,
				255DD32F1F29D950003C7003 /* CoordinatorTests */,
				25F4F7941F307AE1007B7534 /* RxCoordinatorTests */,
				255DD3231F29D950003C7003 /* Products */,
				8A17C3625EA2377DBDFA26EF /* Pods */,
				3C905AF6EFB8B930C4311999 /* Frameworks */,
			);
			sourceTree = "<group>";
		};
		255DD3231F29D950003C7003 /* Products */ = {
			isa = PBXGroup;
			children = (
				255DD32B1F29D950003C7003 /* CoordinatorTests.xctest */,
				255DD3401F29D96F003C7003 /* Demo.app */,
				25F4F7861F307AE1007B7534 /* RxCoordinator.framework */,
				25F4F78E1F307AE1007B7534 /* RxCoordinatorTests.xctest */,
				25DA06B31F4B31E30019D87C /* NeoCoordinator.framework */,
			);
			name = Products;
			sourceTree = "<group>";
		};
		255DD3241F29D950003C7003 /* Coordinator */ = {
			isa = PBXGroup;
			children = (
				255DD3251F29D950003C7003 /* Coordinator.h */,
				255DD3261F29D950003C7003 /* Info.plist */,
				255DD3541F29E2AD003C7003 /* Context.swift */,
				252F7D231F2F35C0003B45FC /* CoordinatorTypes.swift */,
				255DD3521F29DD5B003C7003 /* Coordinator.swift */,
				255DD3701F2A3287003C7003 /* TabBarCoordinator.swift */,
				255DD37A1F2A39A6003C7003 /* ModalCoordinator.swift */,
				255DD3781F2A399A003C7003 /* NavigationCoordinator.swift */,
				25F4F7C01F31D2F4007B7534 /* SplitCoordinator.swift */,
				25F4F7A61F307F89007B7534 /* UINavigationController+Extension.swift */,
			);
			path = Coordinator;
			sourceTree = "<group>";
		};
		255DD32F1F29D950003C7003 /* CoordinatorTests */ = {
			isa = PBXGroup;
			children = (
				255DD3301F29D950003C7003 /* CoordinatorTests.swift */,
				255DD3661F29EF1B003C7003 /* ContextTests.swift */,
				255DD3321F29D950003C7003 /* Info.plist */,
			);
			path = CoordinatorTests;
			sourceTree = "<group>";
		};
		255DD3411F29D96F003C7003 /* Demo */ = {
			isa = PBXGroup;
			children = (
				255DD36A1F29F01F003C7003 /* Coordinators */,
				255DD36B1F29F02D003C7003 /* Controllers */,
				255DD3421F29D96F003C7003 /* AppDelegate.swift */,
				255DD3491F29D96F003C7003 /* Assets.xcassets */,
				255DD34B1F29D96F003C7003 /* LaunchScreen.storyboard */,
				255DD34E1F29D96F003C7003 /* Info.plist */,
			);
			path = Demo;
			sourceTree = "<group>";
		};
		255DD36A1F29F01F003C7003 /* Coordinators */ = {
			isa = PBXGroup;
			children = (
				255DD3581F29E3D6003C7003 /* AppCoordinator.swift */,
				255DD3721F2A3615003C7003 /* SampleNavigationCoordinator.swift */,
				252F7D211F2A45B8003B45FC /* SampleModalCoordinator.swift */,
				25F4F7BE1F31D13A007B7534 /* AppCoordinator_iPad.swift */,
			);
			name = Coordinators;
			sourceTree = "<group>";
		};
		255DD36B1F29F02D003C7003 /* Controllers */ = {
			isa = PBXGroup;
			children = (
				255DD3741F2A3626003C7003 /* SampleViewController.swift */,
				255DD3761F2A364B003C7003 /* SampleViewController.storyboard */,
			);
			name = Controllers;
			sourceTree = "<group>";
		};
		25F4F7871F307AE1007B7534 /* RxCoordinator */ = {
			isa = PBXGroup;
			children = (
				25F4F7881F307AE1007B7534 /* RxCoordinator.h */,
				25F4F7891F307AE1007B7534 /* Info.plist */,
				25F4F7A31F307DAD007B7534 /* RxCoordinator.swift */,
			);
			path = RxCoordinator;
			sourceTree = "<group>";
		};
		25F4F7941F307AE1007B7534 /* RxCoordinatorTests */ = {
			isa = PBXGroup;
			children = (
				25F4F7951F307AE1007B7534 /* RxCoordinatorTests.swift */,
				25F4F7971F307AE1007B7534 /* Info.plist */,
			);
			path = RxCoordinatorTests;
			sourceTree = "<group>";
		};
		3C905AF6EFB8B930C4311999 /* Frameworks */ = {
			isa = PBXGroup;
			children = (
				5AFFCAFE082458454DCE32DC /* Pods_Coordinator.framework */,
				A73BDF580C9C48730106E3CB /* Pods_CoordinatorTests.framework */,
				9107A0DA7C1C08E5789B88F2 /* Pods_Demo.framework */,
				4E961CA22A763AD04BAF5166 /* Pods_RxCoordinator.framework */,
				E82763CA8B13EAD22294606B /* Pods_RxCoordinatorTests.framework */,
				FCAB67D06B792A0FD488FF65 /* Pods_NeoCoordinator.framework */,
			);
			name = Frameworks;
			sourceTree = "<group>";
		};
		8A17C3625EA2377DBDFA26EF /* Pods */ = {
			isa = PBXGroup;
			children = (
				7DED20EB25AE178C05E7ED82 /* Pods-Coordinator.debug.xcconfig */,
				5B2EAC9B49F42255C20DDF98 /* Pods-Coordinator.release.xcconfig */,
				820C3255BCCD57ED76F3156F /* Pods-CoordinatorTests.debug.xcconfig */,
				85DF0416788F844205FAEC82 /* Pods-CoordinatorTests.release.xcconfig */,
				E077286047CCE9E111746410 /* Pods-Demo.debug.xcconfig */,
				73A90B602C0A72491ABF3AC9 /* Pods-Demo.release.xcconfig */,
				AE680075E5A83106E4475506 /* Pods-RxCoordinator.debug.xcconfig */,
				60016F1FBA9A9E2DBFBFF3EB /* Pods-RxCoordinator.release.xcconfig */,
				71456168B1E9E2F8E186DBA3 /* Pods-RxCoordinatorTests.debug.xcconfig */,
				67174225047BAA65071D137D /* Pods-RxCoordinatorTests.release.xcconfig */,
				8025F467006225B0C2C39068 /* Pods-NeoCoordinator.debug.xcconfig */,
				56FADEBD48F5E9A4257F8B9B /* Pods-NeoCoordinator.release.xcconfig */,
			);
			name = Pods;
			sourceTree = "<group>";
		};
/* End PBXGroup section */

/* Begin PBXHeadersBuildPhase section */
		25DA06AC1F4B31E30019D87C /* Headers */ = {
			isa = PBXHeadersBuildPhase;
			buildActionMask = 2147483647;
			files = (
				25DA06AD1F4B31E30019D87C /* Coordinator.h in Headers */,
			);
			runOnlyForDeploymentPostprocessing = 0;
		};
		25F4F7831F307AE1007B7534 /* Headers */ = {
			isa = PBXHeadersBuildPhase;
			buildActionMask = 2147483647;
			files = (
				25F4F7981F307AE1007B7534 /* RxCoordinator.h in Headers */,
			);
			runOnlyForDeploymentPostprocessing = 0;
		};
/* End PBXHeadersBuildPhase section */

/* Begin PBXNativeTarget section */
		255DD32A1F29D950003C7003 /* CoordinatorTests */ = {
			isa = PBXNativeTarget;
			buildConfigurationList = 255DD3391F29D950003C7003 /* Build configuration list for PBXNativeTarget "CoordinatorTests" */;
			buildPhases = (
				20C398615DCEA2B07A444660 /* [CP] Check Pods Manifest.lock */,
				255DD3271F29D950003C7003 /* Sources */,
				255DD3281F29D950003C7003 /* Frameworks */,
				255DD3291F29D950003C7003 /* Resources */,
				9E2DBA6BF5535DFF7266C8BB /* [CP] Embed Pods Frameworks */,
				2BD49A9BE866B6389E605871 /* [CP] Copy Pods Resources */,
			);
			buildRules = (
			);
			dependencies = (
			);
			name = CoordinatorTests;
			productName = CoordinatorTests;
			productReference = 255DD32B1F29D950003C7003 /* CoordinatorTests.xctest */;
			productType = "com.apple.product-type.bundle.unit-test";
		};
		255DD33F1F29D96F003C7003 /* Demo */ = {
			isa = PBXNativeTarget;
			buildConfigurationList = 255DD34F1F29D96F003C7003 /* Build configuration list for PBXNativeTarget "Demo" */;
			buildPhases = (
				554EC478901836E0DFF4A333 /* [CP] Check Pods Manifest.lock */,
				255DD33C1F29D96F003C7003 /* Sources */,
				255DD33D1F29D96F003C7003 /* Frameworks */,
				255DD33E1F29D96F003C7003 /* Resources */,
				255DD3651F29E54C003C7003 /* Embed Frameworks */,
				1AE6AE1F7B34EB568474C974 /* [CP] Embed Pods Frameworks */,
				065FAD5665D2BA84CA0E2CA6 /* [CP] Copy Pods Resources */,
			);
			buildRules = (
			);
			dependencies = (
				25F4F79A1F307AE1007B7534 /* PBXTargetDependency */,
			);
			name = Demo;
			productName = Demo;
			productReference = 255DD3401F29D96F003C7003 /* Demo.app */;
			productType = "com.apple.product-type.application";
		};
		25DA06A01F4B31E30019D87C /* NeoCoordinator */ = {
			isa = PBXNativeTarget;
			buildConfigurationList = 25DA06B01F4B31E30019D87C /* Build configuration list for PBXNativeTarget "NeoCoordinator" */;
			buildPhases = (
				25DA06A11F4B31E30019D87C /* [CP] Check Pods Manifest.lock */,
				25DA06A21F4B31E30019D87C /* Sources */,
				25DA06AA1F4B31E30019D87C /* Frameworks */,
				25DA06AC1F4B31E30019D87C /* Headers */,
				25DA06AE1F4B31E30019D87C /* Resources */,
				25DA06AF1F4B31E30019D87C /* [CP] Copy Pods Resources */,
			);
			buildRules = (
			);
			dependencies = (
			);
			name = NeoCoordinator;
			productName = Coordinator;
			productReference = 25DA06B31F4B31E30019D87C /* NeoCoordinator.framework */;
			productType = "com.apple.product-type.framework";
		};
		25F4F7851F307AE1007B7534 /* RxCoordinator */ = {
			isa = PBXNativeTarget;
			buildConfigurationList = 25F4F7A11F307AE1007B7534 /* Build configuration list for PBXNativeTarget "RxCoordinator" */;
			buildPhases = (
				F51C32F2619F16642EAF630F /* [CP] Check Pods Manifest.lock */,
				25F4F7811F307AE1007B7534 /* Sources */,
				25F4F7821F307AE1007B7534 /* Frameworks */,
				25F4F7831F307AE1007B7534 /* Headers */,
				25F4F7841F307AE1007B7534 /* Resources */,
				80FC15C69E4A092F11F0DF11 /* [CP] Copy Pods Resources */,
			);
			buildRules = (
			);
			dependencies = (
			);
			name = RxCoordinator;
			productName = RxCoordinator;
			productReference = 25F4F7861F307AE1007B7534 /* RxCoordinator.framework */;
			productType = "com.apple.product-type.framework";
		};
		25F4F78D1F307AE1007B7534 /* RxCoordinatorTests */ = {
			isa = PBXNativeTarget;
			buildConfigurationList = 25F4F7A21F307AE1007B7534 /* Build configuration list for PBXNativeTarget "RxCoordinatorTests" */;
			buildPhases = (
				3B191ADCC172883B54D17B53 /* [CP] Check Pods Manifest.lock */,
				25F4F78A1F307AE1007B7534 /* Sources */,
				25F4F78B1F307AE1007B7534 /* Frameworks */,
				25F4F78C1F307AE1007B7534 /* Resources */,
				42D7CEC0EA6995D98CF3961F /* [CP] Embed Pods Frameworks */,
				378F62FD1FCE9F94B934319E /* [CP] Copy Pods Resources */,
			);
			buildRules = (
			);
			dependencies = (
				25F4F7911F307AE1007B7534 /* PBXTargetDependency */,
				25F4F7931F307AE1007B7534 /* PBXTargetDependency */,
			);
			name = RxCoordinatorTests;
			productName = RxCoordinatorTests;
			productReference = 25F4F78E1F307AE1007B7534 /* RxCoordinatorTests.xctest */;
			productType = "com.apple.product-type.bundle.unit-test";
		};
/* End PBXNativeTarget section */

/* Begin PBXProject section */
		255DD3191F29D950003C7003 /* Project object */ = {
			isa = PBXProject;
			attributes = {
				LastSwiftUpdateCheck = 0830;
				LastUpgradeCheck = 0930;
				ORGANIZATIONNAME = PagesJaunes;
				TargetAttributes = {
					255DD32A1F29D950003C7003 = {
						CreatedOnToolsVersion = 8.3.1;
						DevelopmentTeam = 8XF24Z96S9;
						ProvisioningStyle = Automatic;
					};
					255DD33F1F29D96F003C7003 = {
						CreatedOnToolsVersion = 8.3.1;
						DevelopmentTeam = 8XF24Z96S9;
						ProvisioningStyle = Automatic;
					};
					25DA06A01F4B31E30019D87C = {
						DevelopmentTeam = 8XF24Z96S9;
						LastSwiftMigration = 0910;
					};
					25F4F7851F307AE1007B7534 = {
						CreatedOnToolsVersion = 8.3.1;
						DevelopmentTeam = 8XF24Z96S9;
						LastSwiftMigration = 0830;
						ProvisioningStyle = Automatic;
					};
					25F4F78D1F307AE1007B7534 = {
						CreatedOnToolsVersion = 8.3.1;
						DevelopmentTeam = 8XF24Z96S9;
						ProvisioningStyle = Automatic;
						TestTargetID = 255DD33F1F29D96F003C7003;
					};
				};
			};
			buildConfigurationList = 255DD31C1F29D950003C7003 /* Build configuration list for PBXProject "Coordinator" */;
			compatibilityVersion = "Xcode 3.2";
			developmentRegion = English;
			hasScannedForEncodings = 0;
			knownRegions = (
				en,
				Base,
			);
			mainGroup = 255DD3181F29D950003C7003;
			productRefGroup = 255DD3231F29D950003C7003 /* Products */;
			projectDirPath = "";
			projectRoot = "";
			targets = (
				255DD32A1F29D950003C7003 /* CoordinatorTests */,
				255DD33F1F29D96F003C7003 /* Demo */,
				25F4F7851F307AE1007B7534 /* RxCoordinator */,
				25F4F78D1F307AE1007B7534 /* RxCoordinatorTests */,
				25DA06A01F4B31E30019D87C /* NeoCoordinator */,
			);
		};
/* End PBXProject section */

/* Begin PBXResourcesBuildPhase section */
		255DD3291F29D950003C7003 /* Resources */ = {
			isa = PBXResourcesBuildPhase;
			buildActionMask = 2147483647;
			files = (
			);
			runOnlyForDeploymentPostprocessing = 0;
		};
		255DD33E1F29D96F003C7003 /* Resources */ = {
			isa = PBXResourcesBuildPhase;
			buildActionMask = 2147483647;
			files = (
				255DD3771F2A364B003C7003 /* SampleViewController.storyboard in Resources */,
				255DD34D1F29D96F003C7003 /* LaunchScreen.storyboard in Resources */,
				255DD34A1F29D96F003C7003 /* Assets.xcassets in Resources */,
			);
			runOnlyForDeploymentPostprocessing = 0;
		};
		25DA06AE1F4B31E30019D87C /* Resources */ = {
			isa = PBXResourcesBuildPhase;
			buildActionMask = 2147483647;
			files = (
			);
			runOnlyForDeploymentPostprocessing = 0;
		};
		25F4F7841F307AE1007B7534 /* Resources */ = {
			isa = PBXResourcesBuildPhase;
			buildActionMask = 2147483647;
			files = (
			);
			runOnlyForDeploymentPostprocessing = 0;
		};
		25F4F78C1F307AE1007B7534 /* Resources */ = {
			isa = PBXResourcesBuildPhase;
			buildActionMask = 2147483647;
			files = (
			);
			runOnlyForDeploymentPostprocessing = 0;
		};
/* End PBXResourcesBuildPhase section */

/* Begin PBXShellScriptBuildPhase section */
		065FAD5665D2BA84CA0E2CA6 /* [CP] Copy Pods Resources */ = {
			isa = PBXShellScriptBuildPhase;
			buildActionMask = 2147483647;
			files = (
			);
			inputPaths = (
			);
			name = "[CP] Copy Pods Resources";
			outputPaths = (
			);
			runOnlyForDeploymentPostprocessing = 0;
			shellPath = /bin/sh;
			shellScript = "\"${SRCROOT}/Pods/Target Support Files/Pods-Demo/Pods-Demo-resources.sh\"\n";
			showEnvVarsInLog = 0;
		};
		1AE6AE1F7B34EB568474C974 /* [CP] Embed Pods Frameworks */ = {
			isa = PBXShellScriptBuildPhase;
			buildActionMask = 2147483647;
			files = (
			);
			inputPaths = (
				"${SRCROOT}/Pods/Target Support Files/Pods-Demo/Pods-Demo-frameworks.sh",
				"${BUILT_PRODUCTS_DIR}/Action/Action.framework",
				"${BUILT_PRODUCTS_DIR}/RxCocoa/RxCocoa.framework",
				"${BUILT_PRODUCTS_DIR}/RxSwift/RxSwift.framework",
			);
			name = "[CP] Embed Pods Frameworks";
			outputPaths = (
				"${TARGET_BUILD_DIR}/${FRAMEWORKS_FOLDER_PATH}/Action.framework",
				"${TARGET_BUILD_DIR}/${FRAMEWORKS_FOLDER_PATH}/RxCocoa.framework",
				"${TARGET_BUILD_DIR}/${FRAMEWORKS_FOLDER_PATH}/RxSwift.framework",
			);
			runOnlyForDeploymentPostprocessing = 0;
			shellPath = /bin/sh;
			shellScript = "\"${SRCROOT}/Pods/Target Support Files/Pods-Demo/Pods-Demo-frameworks.sh\"\n";
			showEnvVarsInLog = 0;
		};
		20C398615DCEA2B07A444660 /* [CP] Check Pods Manifest.lock */ = {
			isa = PBXShellScriptBuildPhase;
			buildActionMask = 2147483647;
			files = (
			);
			inputPaths = (
				"${PODS_PODFILE_DIR_PATH}/Podfile.lock",
				"${PODS_ROOT}/Manifest.lock",
			);
			name = "[CP] Check Pods Manifest.lock";
			outputPaths = (
				"$(DERIVED_FILE_DIR)/Pods-CoordinatorTests-checkManifestLockResult.txt",
			);
			runOnlyForDeploymentPostprocessing = 0;
			shellPath = /bin/sh;
			shellScript = "diff \"${PODS_PODFILE_DIR_PATH}/Podfile.lock\" \"${PODS_ROOT}/Manifest.lock\" > /dev/null\nif [ $? != 0 ] ; then\n    # print error to STDERR\n    echo \"error: The sandbox is not in sync with the Podfile.lock. Run 'pod install' or update your CocoaPods installation.\" >&2\n    exit 1\nfi\n# This output is used by Xcode 'outputs' to avoid re-running this script phase.\necho \"SUCCESS\" > \"${SCRIPT_OUTPUT_FILE_0}\"\n";
			showEnvVarsInLog = 0;
		};
		25DA06A11F4B31E30019D87C /* [CP] Check Pods Manifest.lock */ = {
			isa = PBXShellScriptBuildPhase;
			buildActionMask = 2147483647;
			files = (
			);
			inputPaths = (
				"${PODS_PODFILE_DIR_PATH}/Podfile.lock",
				"${PODS_ROOT}/Manifest.lock",
			);
			name = "[CP] Check Pods Manifest.lock";
			outputPaths = (
				"$(DERIVED_FILE_DIR)/Pods-NeoCoordinator-checkManifestLockResult.txt",
			);
			runOnlyForDeploymentPostprocessing = 0;
			shellPath = /bin/sh;
			shellScript = "diff \"${PODS_PODFILE_DIR_PATH}/Podfile.lock\" \"${PODS_ROOT}/Manifest.lock\" > /dev/null\nif [ $? != 0 ] ; then\n    # print error to STDERR\n    echo \"error: The sandbox is not in sync with the Podfile.lock. Run 'pod install' or update your CocoaPods installation.\" >&2\n    exit 1\nfi\n# This output is used by Xcode 'outputs' to avoid re-running this script phase.\necho \"SUCCESS\" > \"${SCRIPT_OUTPUT_FILE_0}\"\n";
			showEnvVarsInLog = 0;
		};
		25DA06AF1F4B31E30019D87C /* [CP] Copy Pods Resources */ = {
			isa = PBXShellScriptBuildPhase;
			buildActionMask = 2147483647;
			files = (
			);
			inputPaths = (
			);
			name = "[CP] Copy Pods Resources";
			outputPaths = (
			);
			runOnlyForDeploymentPostprocessing = 0;
			shellPath = /bin/sh;
			shellScript = "\"${SRCROOT}/Pods/Target Support Files/Pods-NeoCoordinator/Pods-NeoCoordinator-resources.sh\"\n";
			showEnvVarsInLog = 0;
		};
		2BD49A9BE866B6389E605871 /* [CP] Copy Pods Resources */ = {
			isa = PBXShellScriptBuildPhase;
			buildActionMask = 2147483647;
			files = (
			);
			inputPaths = (
			);
			name = "[CP] Copy Pods Resources";
			outputPaths = (
			);
			runOnlyForDeploymentPostprocessing = 0;
			shellPath = /bin/sh;
			shellScript = "\"${SRCROOT}/Pods/Target Support Files/Pods-CoordinatorTests/Pods-CoordinatorTests-resources.sh\"\n";
			showEnvVarsInLog = 0;
		};
		378F62FD1FCE9F94B934319E /* [CP] Copy Pods Resources */ = {
			isa = PBXShellScriptBuildPhase;
			buildActionMask = 2147483647;
			files = (
			);
			inputPaths = (
			);
			name = "[CP] Copy Pods Resources";
			outputPaths = (
			);
			runOnlyForDeploymentPostprocessing = 0;
			shellPath = /bin/sh;
			shellScript = "\"${SRCROOT}/Pods/Target Support Files/Pods-RxCoordinatorTests/Pods-RxCoordinatorTests-resources.sh\"\n";
			showEnvVarsInLog = 0;
		};
		3B191ADCC172883B54D17B53 /* [CP] Check Pods Manifest.lock */ = {
			isa = PBXShellScriptBuildPhase;
			buildActionMask = 2147483647;
			files = (
			);
			inputPaths = (
				"${PODS_PODFILE_DIR_PATH}/Podfile.lock",
				"${PODS_ROOT}/Manifest.lock",
			);
			name = "[CP] Check Pods Manifest.lock";
			outputPaths = (
				"$(DERIVED_FILE_DIR)/Pods-RxCoordinatorTests-checkManifestLockResult.txt",
			);
			runOnlyForDeploymentPostprocessing = 0;
			shellPath = /bin/sh;
			shellScript = "diff \"${PODS_PODFILE_DIR_PATH}/Podfile.lock\" \"${PODS_ROOT}/Manifest.lock\" > /dev/null\nif [ $? != 0 ] ; then\n    # print error to STDERR\n    echo \"error: The sandbox is not in sync with the Podfile.lock. Run 'pod install' or update your CocoaPods installation.\" >&2\n    exit 1\nfi\n# This output is used by Xcode 'outputs' to avoid re-running this script phase.\necho \"SUCCESS\" > \"${SCRIPT_OUTPUT_FILE_0}\"\n";
			showEnvVarsInLog = 0;
		};
		42D7CEC0EA6995D98CF3961F /* [CP] Embed Pods Frameworks */ = {
			isa = PBXShellScriptBuildPhase;
			buildActionMask = 2147483647;
			files = (
			);
			inputPaths = (
				"${SRCROOT}/Pods/Target Support Files/Pods-RxCoordinatorTests/Pods-RxCoordinatorTests-frameworks.sh",
				"${BUILT_PRODUCTS_DIR}/Nimble/Nimble.framework",
				"${BUILT_PRODUCTS_DIR}/Quick/Quick.framework",
				"${BUILT_PRODUCTS_DIR}/Action/Action.framework",
				"${BUILT_PRODUCTS_DIR}/RxCocoa/RxCocoa.framework",
				"${BUILT_PRODUCTS_DIR}/RxSwift/RxSwift.framework",
			);
			name = "[CP] Embed Pods Frameworks";
			outputPaths = (
				"${TARGET_BUILD_DIR}/${FRAMEWORKS_FOLDER_PATH}/Nimble.framework",
				"${TARGET_BUILD_DIR}/${FRAMEWORKS_FOLDER_PATH}/Quick.framework",
				"${TARGET_BUILD_DIR}/${FRAMEWORKS_FOLDER_PATH}/Action.framework",
				"${TARGET_BUILD_DIR}/${FRAMEWORKS_FOLDER_PATH}/RxCocoa.framework",
				"${TARGET_BUILD_DIR}/${FRAMEWORKS_FOLDER_PATH}/RxSwift.framework",
			);
			runOnlyForDeploymentPostprocessing = 0;
			shellPath = /bin/sh;
			shellScript = "\"${SRCROOT}/Pods/Target Support Files/Pods-RxCoordinatorTests/Pods-RxCoordinatorTests-frameworks.sh\"\n";
			showEnvVarsInLog = 0;
		};
		554EC478901836E0DFF4A333 /* [CP] Check Pods Manifest.lock */ = {
			isa = PBXShellScriptBuildPhase;
			buildActionMask = 2147483647;
			files = (
			);
			inputPaths = (
				"${PODS_PODFILE_DIR_PATH}/Podfile.lock",
				"${PODS_ROOT}/Manifest.lock",
			);
			name = "[CP] Check Pods Manifest.lock";
			outputPaths = (
				"$(DERIVED_FILE_DIR)/Pods-Demo-checkManifestLockResult.txt",
			);
			runOnlyForDeploymentPostprocessing = 0;
			shellPath = /bin/sh;
			shellScript = "diff \"${PODS_PODFILE_DIR_PATH}/Podfile.lock\" \"${PODS_ROOT}/Manifest.lock\" > /dev/null\nif [ $? != 0 ] ; then\n    # print error to STDERR\n    echo \"error: The sandbox is not in sync with the Podfile.lock. Run 'pod install' or update your CocoaPods installation.\" >&2\n    exit 1\nfi\n# This output is used by Xcode 'outputs' to avoid re-running this script phase.\necho \"SUCCESS\" > \"${SCRIPT_OUTPUT_FILE_0}\"\n";
			showEnvVarsInLog = 0;
		};
		80FC15C69E4A092F11F0DF11 /* [CP] Copy Pods Resources */ = {
			isa = PBXShellScriptBuildPhase;
			buildActionMask = 2147483647;
			files = (
			);
			inputPaths = (
			);
			name = "[CP] Copy Pods Resources";
			outputPaths = (
			);
			runOnlyForDeploymentPostprocessing = 0;
			shellPath = /bin/sh;
			shellScript = "\"${SRCROOT}/Pods/Target Support Files/Pods-RxCoordinator/Pods-RxCoordinator-resources.sh\"\n";
			showEnvVarsInLog = 0;
		};
		9E2DBA6BF5535DFF7266C8BB /* [CP] Embed Pods Frameworks */ = {
			isa = PBXShellScriptBuildPhase;
			buildActionMask = 2147483647;
			files = (
			);
			inputPaths = (
				"${SRCROOT}/Pods/Target Support Files/Pods-CoordinatorTests/Pods-CoordinatorTests-frameworks.sh",
				"${BUILT_PRODUCTS_DIR}/Nimble/Nimble.framework",
				"${BUILT_PRODUCTS_DIR}/Quick/Quick.framework",
			);
			name = "[CP] Embed Pods Frameworks";
			outputPaths = (
				"${TARGET_BUILD_DIR}/${FRAMEWORKS_FOLDER_PATH}/Nimble.framework",
				"${TARGET_BUILD_DIR}/${FRAMEWORKS_FOLDER_PATH}/Quick.framework",
			);
			runOnlyForDeploymentPostprocessing = 0;
			shellPath = /bin/sh;
			shellScript = "\"${SRCROOT}/Pods/Target Support Files/Pods-CoordinatorTests/Pods-CoordinatorTests-frameworks.sh\"\n";
			showEnvVarsInLog = 0;
		};
		F51C32F2619F16642EAF630F /* [CP] Check Pods Manifest.lock */ = {
			isa = PBXShellScriptBuildPhase;
			buildActionMask = 2147483647;
			files = (
			);
			inputPaths = (
				"${PODS_PODFILE_DIR_PATH}/Podfile.lock",
				"${PODS_ROOT}/Manifest.lock",
			);
			name = "[CP] Check Pods Manifest.lock";
			outputPaths = (
				"$(DERIVED_FILE_DIR)/Pods-RxCoordinator-checkManifestLockResult.txt",
			);
			runOnlyForDeploymentPostprocessing = 0;
			shellPath = /bin/sh;
			shellScript = "diff \"${PODS_PODFILE_DIR_PATH}/Podfile.lock\" \"${PODS_ROOT}/Manifest.lock\" > /dev/null\nif [ $? != 0 ] ; then\n    # print error to STDERR\n    echo \"error: The sandbox is not in sync with the Podfile.lock. Run 'pod install' or update your CocoaPods installation.\" >&2\n    exit 1\nfi\n# This output is used by Xcode 'outputs' to avoid re-running this script phase.\necho \"SUCCESS\" > \"${SCRIPT_OUTPUT_FILE_0}\"\n";
			showEnvVarsInLog = 0;
		};
/* End PBXShellScriptBuildPhase section */

/* Begin PBXSourcesBuildPhase section */
		255DD3271F29D950003C7003 /* Sources */ = {
			isa = PBXSourcesBuildPhase;
			buildActionMask = 2147483647;
			files = (
				255DD3311F29D950003C7003 /* CoordinatorTests.swift in Sources */,
				255DD3671F29EF1B003C7003 /* ContextTests.swift in Sources */,
			);
			runOnlyForDeploymentPostprocessing = 0;
		};
		255DD33C1F29D96F003C7003 /* Sources */ = {
			isa = PBXSourcesBuildPhase;
			buildActionMask = 2147483647;
			files = (
				255DD3591F29E3D6003C7003 /* AppCoordinator.swift in Sources */,
				255DD3431F29D96F003C7003 /* AppDelegate.swift in Sources */,
				255DD3751F2A3626003C7003 /* SampleViewController.swift in Sources */,
				252F7D221F2A45B8003B45FC /* SampleModalCoordinator.swift in Sources */,
				255DD3731F2A3615003C7003 /* SampleNavigationCoordinator.swift in Sources */,
			);
			runOnlyForDeploymentPostprocessing = 0;
		};
		25DA06A21F4B31E30019D87C /* Sources */ = {
			isa = PBXSourcesBuildPhase;
			buildActionMask = 2147483647;
			files = (
				25DA06A31F4B31E30019D87C /* CoordinatorTypes.swift in Sources */,
				25DA06A41F4B31E30019D87C /* ModalCoordinator.swift in Sources */,
				25DA06A51F4B31E30019D87C /* Coordinator.swift in Sources */,
				25DA06A61F4B31E30019D87C /* Context.swift in Sources */,
				25DA06A71F4B31E30019D87C /* UINavigationController+Extension.swift in Sources */,
				25DA06A81F4B31E30019D87C /* NavigationCoordinator.swift in Sources */,
				25DA06A91F4B31E30019D87C /* TabBarCoordinator.swift in Sources */,
			);
			runOnlyForDeploymentPostprocessing = 0;
		};
		25F4F7811F307AE1007B7534 /* Sources */ = {
			isa = PBXSourcesBuildPhase;
			buildActionMask = 2147483647;
			files = (
				25F4F7A41F307DAD007B7534 /* RxCoordinator.swift in Sources */,
			);
			runOnlyForDeploymentPostprocessing = 0;
		};
		25F4F78A1F307AE1007B7534 /* Sources */ = {
			isa = PBXSourcesBuildPhase;
			buildActionMask = 2147483647;
			files = (
				25F4F7961F307AE1007B7534 /* RxCoordinatorTests.swift in Sources */,
			);
			runOnlyForDeploymentPostprocessing = 0;
		};
/* End PBXSourcesBuildPhase section */

/* Begin PBXTargetDependency section */
		25F4F7911F307AE1007B7534 /* PBXTargetDependency */ = {
			isa = PBXTargetDependency;
			target = 25F4F7851F307AE1007B7534 /* RxCoordinator */;
			targetProxy = 25F4F7901F307AE1007B7534 /* PBXContainerItemProxy */;
		};
		25F4F7931F307AE1007B7534 /* PBXTargetDependency */ = {
			isa = PBXTargetDependency;
			target = 255DD33F1F29D96F003C7003 /* Demo */;
			targetProxy = 25F4F7921F307AE1007B7534 /* PBXContainerItemProxy */;
		};
		25F4F79A1F307AE1007B7534 /* PBXTargetDependency */ = {
			isa = PBXTargetDependency;
			target = 25F4F7851F307AE1007B7534 /* RxCoordinator */;
			targetProxy = 25F4F7991F307AE1007B7534 /* PBXContainerItemProxy */;
		};
/* End PBXTargetDependency section */

/* Begin PBXVariantGroup section */
		255DD34B1F29D96F003C7003 /* LaunchScreen.storyboard */ = {
			isa = PBXVariantGroup;
			children = (
				255DD34C1F29D96F003C7003 /* Base */,
			);
			name = LaunchScreen.storyboard;
			sourceTree = "<group>";
		};
/* End PBXVariantGroup section */

/* Begin XCBuildConfiguration section */
		255DD3341F29D950003C7003 /* Debug */ = {
			isa = XCBuildConfiguration;
			buildSettings = {
				ALWAYS_SEARCH_USER_PATHS = NO;
				CLANG_ANALYZER_NONNULL = YES;
				CLANG_ANALYZER_NUMBER_OBJECT_CONVERSION = YES_AGGRESSIVE;
				CLANG_CXX_LANGUAGE_STANDARD = "gnu++0x";
				CLANG_CXX_LIBRARY = "libc++";
				CLANG_ENABLE_MODULES = YES;
				CLANG_ENABLE_OBJC_ARC = YES;
				CLANG_WARN_BLOCK_CAPTURE_AUTORELEASING = YES;
				CLANG_WARN_BOOL_CONVERSION = YES;
				CLANG_WARN_COMMA = YES;
				CLANG_WARN_CONSTANT_CONVERSION = YES;
				CLANG_WARN_DEPRECATED_OBJC_IMPLEMENTATIONS = YES;
				CLANG_WARN_DIRECT_OBJC_ISA_USAGE = YES_ERROR;
				CLANG_WARN_DOCUMENTATION_COMMENTS = YES;
				CLANG_WARN_EMPTY_BODY = YES;
				CLANG_WARN_ENUM_CONVERSION = YES;
				CLANG_WARN_INFINITE_RECURSION = YES;
				CLANG_WARN_INT_CONVERSION = YES;
				CLANG_WARN_NON_LITERAL_NULL_CONVERSION = YES;
				CLANG_WARN_OBJC_IMPLICIT_RETAIN_SELF = YES;
				CLANG_WARN_OBJC_LITERAL_CONVERSION = YES;
				CLANG_WARN_OBJC_ROOT_CLASS = YES_ERROR;
				CLANG_WARN_RANGE_LOOP_ANALYSIS = YES;
				CLANG_WARN_STRICT_PROTOTYPES = YES;
				CLANG_WARN_SUSPICIOUS_MOVE = YES;
				CLANG_WARN_UNREACHABLE_CODE = YES;
				CLANG_WARN__DUPLICATE_METHOD_MATCH = YES;
				"CODE_SIGN_IDENTITY[sdk=iphoneos*]" = "iPhone Developer";
				COPY_PHASE_STRIP = NO;
				CURRENT_PROJECT_VERSION = 1;
				DEBUG_INFORMATION_FORMAT = dwarf;
				ENABLE_STRICT_OBJC_MSGSEND = YES;
				ENABLE_TESTABILITY = YES;
				GCC_C_LANGUAGE_STANDARD = gnu99;
				GCC_DYNAMIC_NO_PIC = NO;
				GCC_NO_COMMON_BLOCKS = YES;
				GCC_OPTIMIZATION_LEVEL = 0;
				GCC_PREPROCESSOR_DEFINITIONS = (
					"DEBUG=1",
					"$(inherited)",
				);
				GCC_WARN_64_TO_32_BIT_CONVERSION = YES;
				GCC_WARN_ABOUT_RETURN_TYPE = YES_ERROR;
				GCC_WARN_UNDECLARED_SELECTOR = YES;
				GCC_WARN_UNINITIALIZED_AUTOS = YES_AGGRESSIVE;
				GCC_WARN_UNUSED_FUNCTION = YES;
				GCC_WARN_UNUSED_VARIABLE = YES;
				IPHONEOS_DEPLOYMENT_TARGET = 10.3;
				MTL_ENABLE_DEBUG_INFO = YES;
				ONLY_ACTIVE_ARCH = YES;
				SDKROOT = iphoneos;
				SWIFT_ACTIVE_COMPILATION_CONDITIONS = DEBUG;
				SWIFT_OPTIMIZATION_LEVEL = "-Onone";
				TARGETED_DEVICE_FAMILY = "1,2";
				VERSIONING_SYSTEM = "apple-generic";
				VERSION_INFO_PREFIX = "";
			};
			name = Debug;
		};
		255DD3351F29D950003C7003 /* Release */ = {
			isa = XCBuildConfiguration;
			buildSettings = {
				ALWAYS_SEARCH_USER_PATHS = NO;
				CLANG_ANALYZER_NONNULL = YES;
				CLANG_ANALYZER_NUMBER_OBJECT_CONVERSION = YES_AGGRESSIVE;
				CLANG_CXX_LANGUAGE_STANDARD = "gnu++0x";
				CLANG_CXX_LIBRARY = "libc++";
				CLANG_ENABLE_MODULES = YES;
				CLANG_ENABLE_OBJC_ARC = YES;
				CLANG_WARN_BLOCK_CAPTURE_AUTORELEASING = YES;
				CLANG_WARN_BOOL_CONVERSION = YES;
				CLANG_WARN_COMMA = YES;
				CLANG_WARN_CONSTANT_CONVERSION = YES;
				CLANG_WARN_DEPRECATED_OBJC_IMPLEMENTATIONS = YES;
				CLANG_WARN_DIRECT_OBJC_ISA_USAGE = YES_ERROR;
				CLANG_WARN_DOCUMENTATION_COMMENTS = YES;
				CLANG_WARN_EMPTY_BODY = YES;
				CLANG_WARN_ENUM_CONVERSION = YES;
				CLANG_WARN_INFINITE_RECURSION = YES;
				CLANG_WARN_INT_CONVERSION = YES;
				CLANG_WARN_NON_LITERAL_NULL_CONVERSION = YES;
				CLANG_WARN_OBJC_IMPLICIT_RETAIN_SELF = YES;
				CLANG_WARN_OBJC_LITERAL_CONVERSION = YES;
				CLANG_WARN_OBJC_ROOT_CLASS = YES_ERROR;
				CLANG_WARN_RANGE_LOOP_ANALYSIS = YES;
				CLANG_WARN_STRICT_PROTOTYPES = YES;
				CLANG_WARN_SUSPICIOUS_MOVE = YES;
				CLANG_WARN_UNREACHABLE_CODE = YES;
				CLANG_WARN__DUPLICATE_METHOD_MATCH = YES;
				"CODE_SIGN_IDENTITY[sdk=iphoneos*]" = "iPhone Developer";
				COPY_PHASE_STRIP = NO;
				CURRENT_PROJECT_VERSION = 1;
				DEBUG_INFORMATION_FORMAT = "dwarf-with-dsym";
				ENABLE_NS_ASSERTIONS = NO;
				ENABLE_STRICT_OBJC_MSGSEND = YES;
				GCC_C_LANGUAGE_STANDARD = gnu99;
				GCC_NO_COMMON_BLOCKS = YES;
				GCC_WARN_64_TO_32_BIT_CONVERSION = YES;
				GCC_WARN_ABOUT_RETURN_TYPE = YES_ERROR;
				GCC_WARN_UNDECLARED_SELECTOR = YES;
				GCC_WARN_UNINITIALIZED_AUTOS = YES_AGGRESSIVE;
				GCC_WARN_UNUSED_FUNCTION = YES;
				GCC_WARN_UNUSED_VARIABLE = YES;
				IPHONEOS_DEPLOYMENT_TARGET = 10.3;
				MTL_ENABLE_DEBUG_INFO = NO;
				SDKROOT = iphoneos;
				SWIFT_OPTIMIZATION_LEVEL = "-Owholemodule";
				TARGETED_DEVICE_FAMILY = "1,2";
				VALIDATE_PRODUCT = YES;
				VERSIONING_SYSTEM = "apple-generic";
				VERSION_INFO_PREFIX = "";
			};
			name = Release;
		};
		255DD33A1F29D950003C7003 /* Debug */ = {
			isa = XCBuildConfiguration;
			baseConfigurationReference = 820C3255BCCD57ED76F3156F /* Pods-CoordinatorTests.debug.xcconfig */;
			buildSettings = {
				ALWAYS_EMBED_SWIFT_STANDARD_LIBRARIES = YES;
				DEVELOPMENT_TEAM = 8XF24Z96S9;
				INFOPLIST_FILE = CoordinatorTests/Info.plist;
				LD_RUNPATH_SEARCH_PATHS = "$(inherited) @executable_path/Frameworks @loader_path/Frameworks";
				PRODUCT_BUNDLE_IDENTIFIER = com.PagesJaunes.CoordinatorTests;
				PRODUCT_NAME = "$(TARGET_NAME)";
				SWIFT_VERSION = 4.0;
			};
			name = Debug;
		};
		255DD33B1F29D950003C7003 /* Release */ = {
			isa = XCBuildConfiguration;
			baseConfigurationReference = 85DF0416788F844205FAEC82 /* Pods-CoordinatorTests.release.xcconfig */;
			buildSettings = {
				ALWAYS_EMBED_SWIFT_STANDARD_LIBRARIES = YES;
				DEVELOPMENT_TEAM = 8XF24Z96S9;
				INFOPLIST_FILE = CoordinatorTests/Info.plist;
				LD_RUNPATH_SEARCH_PATHS = "$(inherited) @executable_path/Frameworks @loader_path/Frameworks";
				PRODUCT_BUNDLE_IDENTIFIER = com.PagesJaunes.CoordinatorTests;
				PRODUCT_NAME = "$(TARGET_NAME)";
				SWIFT_VERSION = 4.0;
			};
			name = Release;
		};
		255DD3501F29D96F003C7003 /* Debug */ = {
			isa = XCBuildConfiguration;
			baseConfigurationReference = E077286047CCE9E111746410 /* Pods-Demo.debug.xcconfig */;
			buildSettings = {
				ALWAYS_EMBED_SWIFT_STANDARD_LIBRARIES = YES;
				ASSETCATALOG_COMPILER_APPICON_NAME = AppIcon;
				DEVELOPMENT_TEAM = 8XF24Z96S9;
				INFOPLIST_FILE = Demo/Info.plist;
				IPHONEOS_DEPLOYMENT_TARGET = 9.0;
				LD_RUNPATH_SEARCH_PATHS = "$(inherited) @executable_path/Frameworks";
				PRODUCT_BUNDLE_IDENTIFIER = com.PagesJaunes.Demo;
				PRODUCT_NAME = "$(TARGET_NAME)";
				SWIFT_VERSION = 3.0;
			};
			name = Debug;
		};
		255DD3511F29D96F003C7003 /* Release */ = {
			isa = XCBuildConfiguration;
			baseConfigurationReference = 73A90B602C0A72491ABF3AC9 /* Pods-Demo.release.xcconfig */;
			buildSettings = {
				ALWAYS_EMBED_SWIFT_STANDARD_LIBRARIES = YES;
				ASSETCATALOG_COMPILER_APPICON_NAME = AppIcon;
				DEVELOPMENT_TEAM = 8XF24Z96S9;
				INFOPLIST_FILE = Demo/Info.plist;
				IPHONEOS_DEPLOYMENT_TARGET = 9.0;
				LD_RUNPATH_SEARCH_PATHS = "$(inherited) @executable_path/Frameworks";
				PRODUCT_BUNDLE_IDENTIFIER = com.PagesJaunes.Demo;
				PRODUCT_NAME = "$(TARGET_NAME)";
				SWIFT_VERSION = 3.0;
			};
			name = Release;
		};
		25DA06B11F4B31E30019D87C /* Debug */ = {
			isa = XCBuildConfiguration;
			baseConfigurationReference = 8025F467006225B0C2C39068 /* Pods-NeoCoordinator.debug.xcconfig */;
			buildSettings = {
				CLANG_ENABLE_MODULES = YES;
				CODE_SIGN_IDENTITY = "";
				DEFINES_MODULE = YES;
				DEVELOPMENT_TEAM = 8XF24Z96S9;
				DYLIB_COMPATIBILITY_VERSION = 1;
				DYLIB_CURRENT_VERSION = 1;
				DYLIB_INSTALL_NAME_BASE = "@rpath";
				INFOPLIST_FILE = "$(SRCROOT)/Coordinator/Info.plist";
				INSTALL_PATH = "$(LOCAL_LIBRARY_DIR)/Frameworks";
				IPHONEOS_DEPLOYMENT_TARGET = 9.0;
				LD_RUNPATH_SEARCH_PATHS = "$(inherited) @executable_path/Frameworks @loader_path/Frameworks";
				PRODUCT_BUNDLE_IDENTIFIER = com.PagesJaunes.Coordinator;
				PRODUCT_NAME = "$(TARGET_NAME)";
				SKIP_INSTALL = YES;
				SWIFT_OPTIMIZATION_LEVEL = "-Onone";
				SWIFT_SWIFT3_OBJC_INFERENCE = Default;
				SWIFT_VERSION = 4.0;
			};
			name = Debug;
		};
		25DA06B21F4B31E30019D87C /* Release */ = {
			isa = XCBuildConfiguration;
			baseConfigurationReference = 56FADEBD48F5E9A4257F8B9B /* Pods-NeoCoordinator.release.xcconfig */;
			buildSettings = {
				CLANG_ENABLE_MODULES = YES;
				CODE_SIGN_IDENTITY = "";
				DEFINES_MODULE = YES;
				DEVELOPMENT_TEAM = 8XF24Z96S9;
				DYLIB_COMPATIBILITY_VERSION = 1;
				DYLIB_CURRENT_VERSION = 1;
				DYLIB_INSTALL_NAME_BASE = "@rpath";
				INFOPLIST_FILE = "$(SRCROOT)/Coordinator/Info.plist";
				INSTALL_PATH = "$(LOCAL_LIBRARY_DIR)/Frameworks";
				IPHONEOS_DEPLOYMENT_TARGET = 9.0;
				LD_RUNPATH_SEARCH_PATHS = "$(inherited) @executable_path/Frameworks @loader_path/Frameworks";
				PRODUCT_BUNDLE_IDENTIFIER = com.PagesJaunes.Coordinator;
				PRODUCT_NAME = "$(TARGET_NAME)";
				SKIP_INSTALL = YES;
				SWIFT_SWIFT3_OBJC_INFERENCE = Default;
				SWIFT_VERSION = 4.0;
			};
			name = Release;
		};
		25F4F79D1F307AE1007B7534 /* Debug */ = {
			isa = XCBuildConfiguration;
			baseConfigurationReference = AE680075E5A83106E4475506 /* Pods-RxCoordinator.debug.xcconfig */;
			buildSettings = {
				CLANG_ENABLE_MODULES = YES;
				CODE_SIGN_IDENTITY = "";
				DEFINES_MODULE = YES;
				DEVELOPMENT_TEAM = 8XF24Z96S9;
				DYLIB_COMPATIBILITY_VERSION = 1;
				DYLIB_CURRENT_VERSION = 1;
				DYLIB_INSTALL_NAME_BASE = "@rpath";
				INFOPLIST_FILE = RxCoordinator/Info.plist;
				INSTALL_PATH = "$(LOCAL_LIBRARY_DIR)/Frameworks";
				IPHONEOS_DEPLOYMENT_TARGET = 9.0;
				LD_RUNPATH_SEARCH_PATHS = "$(inherited) @executable_path/Frameworks @loader_path/Frameworks";
				PRODUCT_BUNDLE_IDENTIFIER = com.PagesJaunes.RxCoordinator;
				PRODUCT_NAME = "$(TARGET_NAME)";
				SKIP_INSTALL = YES;
				SWIFT_OPTIMIZATION_LEVEL = "-Onone";
				SWIFT_VERSION = 4.0;
			};
			name = Debug;
		};
		25F4F79E1F307AE1007B7534 /* Release */ = {
			isa = XCBuildConfiguration;
			baseConfigurationReference = 60016F1FBA9A9E2DBFBFF3EB /* Pods-RxCoordinator.release.xcconfig */;
			buildSettings = {
				CLANG_ENABLE_MODULES = YES;
				CODE_SIGN_IDENTITY = "";
				DEFINES_MODULE = YES;
				DEVELOPMENT_TEAM = 8XF24Z96S9;
				DYLIB_COMPATIBILITY_VERSION = 1;
				DYLIB_CURRENT_VERSION = 1;
				DYLIB_INSTALL_NAME_BASE = "@rpath";
				INFOPLIST_FILE = RxCoordinator/Info.plist;
				INSTALL_PATH = "$(LOCAL_LIBRARY_DIR)/Frameworks";
				IPHONEOS_DEPLOYMENT_TARGET = 9.0;
				LD_RUNPATH_SEARCH_PATHS = "$(inherited) @executable_path/Frameworks @loader_path/Frameworks";
				PRODUCT_BUNDLE_IDENTIFIER = com.PagesJaunes.RxCoordinator;
				PRODUCT_NAME = "$(TARGET_NAME)";
				SKIP_INSTALL = YES;
				SWIFT_VERSION = 4.0;
			};
			name = Release;
		};
		25F4F79F1F307AE1007B7534 /* Debug */ = {
			isa = XCBuildConfiguration;
			baseConfigurationReference = 71456168B1E9E2F8E186DBA3 /* Pods-RxCoordinatorTests.debug.xcconfig */;
			buildSettings = {
				ALWAYS_EMBED_SWIFT_STANDARD_LIBRARIES = YES;
				DEVELOPMENT_TEAM = 8XF24Z96S9;
				INFOPLIST_FILE = RxCoordinatorTests/Info.plist;
				LD_RUNPATH_SEARCH_PATHS = "$(inherited) @executable_path/Frameworks @loader_path/Frameworks";
				PRODUCT_BUNDLE_IDENTIFIER = com.PagesJaunes.RxCoordinatorTests;
				PRODUCT_NAME = "$(TARGET_NAME)";
				SWIFT_VERSION = 4.0;
				TEST_HOST = "$(BUILT_PRODUCTS_DIR)/Demo.app/Demo";
			};
			name = Debug;
		};
		25F4F7A01F307AE1007B7534 /* Release */ = {
			isa = XCBuildConfiguration;
			baseConfigurationReference = 67174225047BAA65071D137D /* Pods-RxCoordinatorTests.release.xcconfig */;
			buildSettings = {
				ALWAYS_EMBED_SWIFT_STANDARD_LIBRARIES = YES;
				DEVELOPMENT_TEAM = 8XF24Z96S9;
				INFOPLIST_FILE = RxCoordinatorTests/Info.plist;
				LD_RUNPATH_SEARCH_PATHS = "$(inherited) @executable_path/Frameworks @loader_path/Frameworks";
				PRODUCT_BUNDLE_IDENTIFIER = com.PagesJaunes.RxCoordinatorTests;
				PRODUCT_NAME = "$(TARGET_NAME)";
				SWIFT_VERSION = 4.0;
				TEST_HOST = "$(BUILT_PRODUCTS_DIR)/Demo.app/Demo";
			};
			name = Release;
		};
/* End XCBuildConfiguration section */

/* Begin XCConfigurationList section */
		255DD31C1F29D950003C7003 /* Build configuration list for PBXProject "Coordinator" */ = {
			isa = XCConfigurationList;
			buildConfigurations = (
				255DD3341F29D950003C7003 /* Debug */,
				255DD3351F29D950003C7003 /* Release */,
			);
			defaultConfigurationIsVisible = 0;
			defaultConfigurationName = Release;
		};
		255DD3391F29D950003C7003 /* Build configuration list for PBXNativeTarget "CoordinatorTests" */ = {
			isa = XCConfigurationList;
			buildConfigurations = (
				255DD33A1F29D950003C7003 /* Debug */,
				255DD33B1F29D950003C7003 /* Release */,
			);
			defaultConfigurationIsVisible = 0;
			defaultConfigurationName = Release;
		};
		255DD34F1F29D96F003C7003 /* Build configuration list for PBXNativeTarget "Demo" */ = {
			isa = XCConfigurationList;
			buildConfigurations = (
				255DD3501F29D96F003C7003 /* Debug */,
				255DD3511F29D96F003C7003 /* Release */,
			);
			defaultConfigurationIsVisible = 0;
			defaultConfigurationName = Release;
		};
		25DA06B01F4B31E30019D87C /* Build configuration list for PBXNativeTarget "NeoCoordinator" */ = {
			isa = XCConfigurationList;
			buildConfigurations = (
				25DA06B11F4B31E30019D87C /* Debug */,
				25DA06B21F4B31E30019D87C /* Release */,
			);
			defaultConfigurationIsVisible = 0;
			defaultConfigurationName = Release;
		};
		25F4F7A11F307AE1007B7534 /* Build configuration list for PBXNativeTarget "RxCoordinator" */ = {
			isa = XCConfigurationList;
			buildConfigurations = (
				25F4F79D1F307AE1007B7534 /* Debug */,
				25F4F79E1F307AE1007B7534 /* Release */,
			);
			defaultConfigurationIsVisible = 0;
			defaultConfigurationName = Release;
		};
		25F4F7A21F307AE1007B7534 /* Build configuration list for PBXNativeTarget "RxCoordinatorTests" */ = {
			isa = XCConfigurationList;
			buildConfigurations = (
				25F4F79F1F307AE1007B7534 /* Debug */,
				25F4F7A01F307AE1007B7534 /* Release */,
			);
			defaultConfigurationIsVisible = 0;
			defaultConfigurationName = Release;
		};
/* End XCConfigurationList section */
	};
	rootObject = 255DD3191F29D950003C7003 /* Project object */;
}
